name: Generate package lock

on:
  push:
    branches:
      - agent/simple-diagnosis-mvp
    paths:
      - .github/workflows/generate-package-lock.yml
      - package.json
  workflow_dispatch:

permissions:
  contents: read

jobs:
  generate-lock:
    runs-on: ubuntu-latest
    steps:
      - name: Checkout
        uses: actions/checkout@v4

      - name: Set up Node
        uses: actions/setup-node@v4
        with:
          node-version: 22
          cache: npm
          cache-dependency-path: package.json

      - name: Generate package-lock.json
        run: npm install --package-lock-only --ignore-scripts

      - name: Upload package lock
        uses: actions/upload-artifact@v4
        with:
          name: generated-package-lock
          path: package-lock.json
          if-no-files-found: error
          retention-days: 1
